{
  "name": "cordova-plugin-system-bars",
  "version": "1.0.0",
  "lockfileVersion": 3,
  "requires": true,
  "packages": {
    "": {
      "name": "cordova-plugin-system-bars",
      "version": "1.0.0",
      "license": "ISC",
      "engines": {
        "cordovaDependencies": {
          "1.0.0": {
            "cordova-android": ">8.0.0"
          }
        }
      }
    }
  }
}
